
Microsoft Visual Studio Solution File, Format Version 12.00
# Visual Studio 14
VisualStudioVersion = 14.0.23107.0
MinimumVisualStudioVersion = 10.0.40219.1
Project("{FAE04EC0-301F-11D3-BF4B-00C04F79EFBC}") = "PetSure.API", "PetSure\PetSure.API.csproj", "{8508EF44-B891-4661-AC6E-D9378A8FA107}"
EndProject
Project("{FAE04EC0-301F-11D3-BF4B-00C04F79EFBC}") = "Constants", "Constants\Constants.csproj", "{1EEFA221-03F8-46C0-AAA1-46BD7E09F6FE}"
EndProject
Project("{E24C65DC-7377-472B-9ABA-BC803B73C61A}") = "PetSure.Website", "PetSure.Website\", "{D25F8E38-EFD6-446E-BC35-54FEF021646A}"
	ProjectSection(WebsiteProperties) = preProject
		TargetFrameworkMoniker = ".NETFramework,Version%3Dv4.5.2"
		Debug.AspNetCompiler.VirtualPath = "/localhost_64085"
		Debug.AspNetCompiler.PhysicalPath = "WebSites\PetSure.Website\"
		Debug.AspNetCompiler.TargetPath = "PrecompiledWeb\localhost_64085\"
		Debug.AspNetCompiler.Updateable = "true"
		Debug.AspNetCompiler.ForceOverwrite = "true"
		Debug.AspNetCompiler.FixedNames = "false"
		Debug.AspNetCompiler.Debug = "True"
		Release.AspNetCompiler.VirtualPath = "/localhost_64085"
		Release.AspNetCompiler.PhysicalPath = "WebSites\PetSure.Website\"
		Release.AspNetCompiler.TargetPath = "PrecompiledWeb\localhost_64085\"
		Release.AspNetCompiler.Updateable = "true"
		Release.AspNetCompiler.ForceOverwrite = "true"
		Release.AspNetCompiler.FixedNames = "false"
		Release.AspNetCompiler.Debug = "False"
		VWDPort = "64085"
		SlnRelativePath = "WebSites\PetSure.Website\"
		DefaultWebSiteLanguage = "Visual C#"
	EndProjectSection
EndProject
Global
	GlobalSection(SolutionConfigurationPlatforms) = preSolution
		Debug|Any CPU = Debug|Any CPU
		Release|Any CPU = Release|Any CPU
	EndGlobalSection
	GlobalSection(ProjectConfigurationPlatforms) = postSolution
		{8508EF44-B891-4661-AC6E-D9378A8FA107}.Debug|Any CPU.ActiveCfg = Debug|Any CPU
		{8508EF44-B891-4661-AC6E-D9378A8FA107}.Debug|Any CPU.Build.0 = Debug|Any CPU
		{8508EF44-B891-4661-AC6E-D9378A8FA107}.Release|Any CPU.ActiveCfg = Release|Any CPU
		{8508EF44-B891-4661-AC6E-D9378A8FA107}.Release|Any CPU.Build.0 = Release|Any CPU
		{1EEFA221-03F8-46C0-AAA1-46BD7E09F6FE}.Debug|Any CPU.ActiveCfg = Debug|Any CPU
		{1EEFA221-03F8-46C0-AAA1-46BD7E09F6FE}.Debug|Any CPU.Build.0 = Debug|Any CPU
		{1EEFA221-03F8-46C0-AAA1-46BD7E09F6FE}.Release|Any CPU.ActiveCfg = Release|Any CPU
		{1EEFA221-03F8-46C0-AAA1-46BD7E09F6FE}.Release|Any CPU.Build.0 = Release|Any CPU
		{D25F8E38-EFD6-446E-BC35-54FEF021646A}.Debug|Any CPU.ActiveCfg = Debug|Any CPU
		{D25F8E38-EFD6-446E-BC35-54FEF021646A}.Debug|Any CPU.Build.0 = Debug|Any CPU
		{D25F8E38-EFD6-446E-BC35-54FEF021646A}.Release|Any CPU.ActiveCfg = Debug|Any CPU
		{D25F8E38-EFD6-446E-BC35-54FEF021646A}.Release|Any CPU.Build.0 = Debug|Any CPU
	EndGlobalSection
	GlobalSection(SolutionProperties) = preSolution
		HideSolutionNode = FALSE
	EndGlobalSection
EndGlobal
